
Microsoft Visual Studio Solution File, Format Version 12.00
# Visual Studio 2013
VisualStudioVersion = 12.0.30723.0
MinimumVisualStudioVersion = 10.0.40219.1
Project("{FAE04EC0-301F-11D3-BF4B-00C04F79EFBC}") = "TwitchCSharp", "TwitchCSharp\TwitchCSharp.csproj", "{C1B03C36-1349-4D1A-8F3A-C4932E356ED6}"
EndProject
Global
	GlobalSection(SolutionConfigurationPlatforms) = preSolution
		Debug|Any CPU = Debug|Any CPU
		Release|Any CPU = Release|Any CPU
	EndGlobalSection
	GlobalSection(ProjectConfigurationPlatforms) = postSolution
		{C1B03C36-1349-4D1A-8F3A-C4932E356ED6}.Debug|Any CPU.ActiveCfg = Release|Any CPU
		{C1B03C36-1349-4D1A-8F3A-C4932E356ED6}.Debug|Any CPU.Build.0 = Release|Any CPU
		{C1B03C36-1349-4D1A-8F3A-C4932E356ED6}.Release|Any CPU.ActiveCfg = Release|Any CPU
		{C1B03C36-1349-4D1A-8F3A-C4932E356ED6}.Release|Any CPU.Build.0 = Release|Any CPU
	EndGlobalSection
	GlobalSection(SolutionProperties) = preSolution
		HideSolutionNode = FALSE
	EndGlobalSection
EndGlobal
